
Microsoft Visual Studio Solution File, Format Version 12.00
# Visual Studio 15
VisualStudioVersion = 15.0.28307.329
MinimumVisualStudioVersion = 10.0.40219.1
Project("{9A19103F-16F7-4668-BE54-9A1E7A4F7556}") = "AsyncProgram", "AsyncProgram\AsyncProgram.csproj", "{EE10C710-59AA-41FD-8049-26A144EE1D7B}"
EndProject
Project("{FAE04EC0-301F-11D3-BF4B-00C04F79EFBC}") = "Async.Droid", "Async.Droid\Async.Droid.csproj", "{6F1E4FC6-A45D-426D-B027-0977FABDEBA2}"
EndProject
Project("{9A19103F-16F7-4668-BE54-9A1E7A4F7556}") = "OpenWeatherMap.Standard", "OpenWeatherMap.Diego\OpenWeatherMap.Standard\OpenWeatherMap.Standard.csproj", "{1C61CF4B-B473-4985-8406-B5D5A4C18E0F}"
EndProject
Project("{FAE04EC0-301F-11D3-BF4B-00C04F79EFBC}") = "AsyncTests", "AsyncTests\AsyncTests.csproj", "{C218D310-309E-4303-AE50-737895E9EF39}"
EndProject
Global
	GlobalSection(SolutionConfigurationPlatforms) = preSolution
		Debug|Any CPU = Debug|Any CPU
		Release|Any CPU = Release|Any CPU
	EndGlobalSection
	GlobalSection(ProjectConfigurationPlatforms) = postSolution
		{EE10C710-59AA-41FD-8049-26A144EE1D7B}.Debug|Any CPU.ActiveCfg = Debug|Any CPU
		{EE10C710-59AA-41FD-8049-26A144EE1D7B}.Debug|Any CPU.Build.0 = Debug|Any CPU
		{EE10C710-59AA-41FD-8049-26A144EE1D7B}.Release|Any CPU.ActiveCfg = Release|Any CPU
		{EE10C710-59AA-41FD-8049-26A144EE1D7B}.Release|Any CPU.Build.0 = Release|Any CPU
		{6F1E4FC6-A45D-426D-B027-0977FABDEBA2}.Debug|Any CPU.ActiveCfg = Debug|Any CPU
		{6F1E4FC6-A45D-426D-B027-0977FABDEBA2}.Debug|Any CPU.Build.0 = Debug|Any CPU
		{6F1E4FC6-A45D-426D-B027-0977FABDEBA2}.Debug|Any CPU.Deploy.0 = Debug|Any CPU
		{6F1E4FC6-A45D-426D-B027-0977FABDEBA2}.Release|Any CPU.ActiveCfg = Release|Any CPU
		{6F1E4FC6-A45D-426D-B027-0977FABDEBA2}.Release|Any CPU.Build.0 = Release|Any CPU
		{6F1E4FC6-A45D-426D-B027-0977FABDEBA2}.Release|Any CPU.Deploy.0 = Release|Any CPU
		{1C61CF4B-B473-4985-8406-B5D5A4C18E0F}.Debug|Any CPU.ActiveCfg = Debug|Any CPU
		{1C61CF4B-B473-4985-8406-B5D5A4C18E0F}.Debug|Any CPU.Build.0 = Debug|Any CPU
		{1C61CF4B-B473-4985-8406-B5D5A4C18E0F}.Release|Any CPU.ActiveCfg = Release|Any CPU
		{1C61CF4B-B473-4985-8406-B5D5A4C18E0F}.Release|Any CPU.Build.0 = Release|Any CPU
		{C218D310-309E-4303-AE50-737895E9EF39}.Debug|Any CPU.ActiveCfg = Debug|Any CPU
		{C218D310-309E-4303-AE50-737895E9EF39}.Debug|Any CPU.Build.0 = Debug|Any CPU
		{C218D310-309E-4303-AE50-737895E9EF39}.Release|Any CPU.ActiveCfg = Release|Any CPU
		{C218D310-309E-4303-AE50-737895E9EF39}.Release|Any CPU.Build.0 = Release|Any CPU
	EndGlobalSection
	GlobalSection(SolutionProperties) = preSolution
		HideSolutionNode = FALSE
	EndGlobalSection
	GlobalSection(ExtensibilityGlobals) = postSolution
		SolutionGuid = {3B905AB2-E206-4B51-962C-0B0FF9D3B41F}
	EndGlobalSection
EndGlobal
